
Microsoft Visual Studio Solution File, Format Version 12.00
# Visual Studio 14
VisualStudioVersion = 14.0.25420.1
MinimumVisualStudioVersion = 10.0.40219.1
Project("{FAE04EC0-301F-11D3-BF4B-00C04F79EFBC}") = "BrickManagementSystem.Main", "BrickManagementSystem.Main\BrickManagementSystem.Main.csproj", "{2CF3A400-8DE8-43AB-9C49-49A1AA975F09}"
EndProject
Project("{00D1A9C2-B5F0-4AF3-8072-F6C62B433612}") = "BMS.Database", "BMS.Database\BMS.Database.sqlproj", "{4136C01C-4FE5-44EB-B0B0-D34BF7BC9398}"
EndProject
Global
	GlobalSection(SolutionConfigurationPlatforms) = preSolution
		Debug|Any CPU = Debug|Any CPU
		Release|Any CPU = Release|Any CPU
	EndGlobalSection
	GlobalSection(ProjectConfigurationPlatforms) = postSolution
		{2CF3A400-8DE8-43AB-9C49-49A1AA975F09}.Debug|Any CPU.ActiveCfg = Debug|Any CPU
		{2CF3A400-8DE8-43AB-9C49-49A1AA975F09}.Debug|Any CPU.Build.0 = Debug|Any CPU
		{2CF3A400-8DE8-43AB-9C49-49A1AA975F09}.Release|Any CPU.ActiveCfg = Release|Any CPU
		{2CF3A400-8DE8-43AB-9C49-49A1AA975F09}.Release|Any CPU.Build.0 = Release|Any CPU
		{4136C01C-4FE5-44EB-B0B0-D34BF7BC9398}.Debug|Any CPU.ActiveCfg = Debug|Any CPU
		{4136C01C-4FE5-44EB-B0B0-D34BF7BC9398}.Debug|Any CPU.Build.0 = Debug|Any CPU
		{4136C01C-4FE5-44EB-B0B0-D34BF7BC9398}.Debug|Any CPU.Deploy.0 = Debug|Any CPU
		{4136C01C-4FE5-44EB-B0B0-D34BF7BC9398}.Release|Any CPU.ActiveCfg = Release|Any CPU
		{4136C01C-4FE5-44EB-B0B0-D34BF7BC9398}.Release|Any CPU.Build.0 = Release|Any CPU
		{4136C01C-4FE5-44EB-B0B0-D34BF7BC9398}.Release|Any CPU.Deploy.0 = Release|Any CPU
	EndGlobalSection
	GlobalSection(SolutionProperties) = preSolution
		HideSolutionNode = FALSE
	EndGlobalSection
EndGlobal
